
Microsoft Visual Studio Solution File, Format Version 12.00
# Visual Studio Version 17
VisualStudioVersion = 17.1.32228.430
MinimumVisualStudioVersion = 10.0.40219.1
Project("{FAE04EC0-301F-11D3-BF4B-00C04F79EFBC}") = "IDS", "IDS\IDS.csproj", "{26180198-F943-4EE6-B985-775150EEAA69}"
EndProject
Project("{FAE04EC0-301F-11D3-BF4B-00C04F79EFBC}") = "Interfaces", "Interfaces\Interfaces.csproj", "{2B5422D6-8E7D-48AB-B3D6-8650DAA0E6C6}"
EndProject
Project("{FAE04EC0-301F-11D3-BF4B-00C04F79EFBC}") = "WebUI", "WebUI\WebUI.csproj", "{5E66CFCB-3E1C-4ECF-AEFC-DDE751678659}"
EndProject
Global
	GlobalSection(SolutionConfigurationPlatforms) = preSolution
		Debug|Any CPU = Debug|Any CPU
		Release|Any CPU = Release|Any CPU
	EndGlobalSection
	GlobalSection(ProjectConfigurationPlatforms) = postSolution
		{26180198-F943-4EE6-B985-775150EEAA69}.Debug|Any CPU.ActiveCfg = Debug|Any CPU
		{26180198-F943-4EE6-B985-775150EEAA69}.Debug|Any CPU.Build.0 = Debug|Any CPU
		{26180198-F943-4EE6-B985-775150EEAA69}.Release|Any CPU.ActiveCfg = Release|Any CPU
		{26180198-F943-4EE6-B985-775150EEAA69}.Release|Any CPU.Build.0 = Release|Any CPU
		{2B5422D6-8E7D-48AB-B3D6-8650DAA0E6C6}.Debug|Any CPU.ActiveCfg = Debug|Any CPU
		{2B5422D6-8E7D-48AB-B3D6-8650DAA0E6C6}.Debug|Any CPU.Build.0 = Debug|Any CPU
		{2B5422D6-8E7D-48AB-B3D6-8650DAA0E6C6}.Release|Any CPU.ActiveCfg = Release|Any CPU
		{2B5422D6-8E7D-48AB-B3D6-8650DAA0E6C6}.Release|Any CPU.Build.0 = Release|Any CPU
		{5E66CFCB-3E1C-4ECF-AEFC-DDE751678659}.Debug|Any CPU.ActiveCfg = Debug|Any CPU
		{5E66CFCB-3E1C-4ECF-AEFC-DDE751678659}.Debug|Any CPU.Build.0 = Debug|Any CPU
		{5E66CFCB-3E1C-4ECF-AEFC-DDE751678659}.Release|Any CPU.ActiveCfg = Release|Any CPU
		{5E66CFCB-3E1C-4ECF-AEFC-DDE751678659}.Release|Any CPU.Build.0 = Release|Any CPU
	EndGlobalSection
	GlobalSection(SolutionProperties) = preSolution
		HideSolutionNode = FALSE
	EndGlobalSection
	GlobalSection(ExtensibilityGlobals) = postSolution
		SolutionGuid = {9ACD9843-0C01-4630-BFCB-99EA309067CB}
	EndGlobalSection
EndGlobal
